
Microsoft Visual Studio Solution File, Format Version 12.00
# Visual Studio Version 17
VisualStudioVersion = 17.4.33213.308
MinimumVisualStudioVersion = 10.0.40219.1
Project("{9A19103F-16F7-4668-BE54-9A1E7A4F7556}") = "SeamLessCustomerOnboarding", "SeamLessCustomerOnboarding.csproj", "{68FCC6CA-F34E-4DD8-A659-E92124359D78}"
EndProject
Project("{9A19103F-16F7-4668-BE54-9A1E7A4F7556}") = "MetaMask.Blazor", "..\MetaMask.Blazor\MetaMask.Blazor.csproj", "{9A4795D9-4EA2-4575-8673-6ABA6E6F014A}"
EndProject
Global
	GlobalSection(SolutionConfigurationPlatforms) = preSolution
		Debug|Any CPU = Debug|Any CPU
		Release|Any CPU = Release|Any CPU
	EndGlobalSection
	GlobalSection(ProjectConfigurationPlatforms) = postSolution
		{68FCC6CA-F34E-4DD8-A659-E92124359D78}.Debug|Any CPU.ActiveCfg = Debug|Any CPU
		{68FCC6CA-F34E-4DD8-A659-E92124359D78}.Debug|Any CPU.Build.0 = Debug|Any CPU
		{68FCC6CA-F34E-4DD8-A659-E92124359D78}.Release|Any CPU.ActiveCfg = Release|Any CPU
		{68FCC6CA-F34E-4DD8-A659-E92124359D78}.Release|Any CPU.Build.0 = Release|Any CPU
		{9A4795D9-4EA2-4575-8673-6ABA6E6F014A}.Debug|Any CPU.ActiveCfg = Debug|Any CPU
		{9A4795D9-4EA2-4575-8673-6ABA6E6F014A}.Debug|Any CPU.Build.0 = Debug|Any CPU
		{9A4795D9-4EA2-4575-8673-6ABA6E6F014A}.Release|Any CPU.ActiveCfg = Release|Any CPU
		{9A4795D9-4EA2-4575-8673-6ABA6E6F014A}.Release|Any CPU.Build.0 = Release|Any CPU
	EndGlobalSection
	GlobalSection(SolutionProperties) = preSolution
		HideSolutionNode = FALSE
	EndGlobalSection
	GlobalSection(ExtensibilityGlobals) = postSolution
		SolutionGuid = {861C18C8-8B31-4DF0-BAC4-0A9533765C92}
	EndGlobalSection
EndGlobal
